{
  "name": "error-if-not-object",
  "version": "1.0.0",
  "lockfileVersion": 1,
  "requires": true,
  "dependencies": {
    "@writetome51/is-object-not-object": {
      "version": "1.0.0",
      "resolved": "https://registry.npmjs.org/@writetome51/is-object-not-object/-/is-object-not-object-1.0.0.tgz",
      "integrity": "sha512-cOXtcCfTC5vQ1JT1s6GIgWp68ShC6q0qdUllxr3ZqwZ2exPGPNc0YS1h+nuv8T4rR23RCVJ58zoldBPlUDx8gA=="
    }
  }
}
